
Microsoft Visual Studio Solution File, Format Version 12.00
# Visual Studio Version 17
VisualStudioVersion = 17.13.35818.85 d17.13
MinimumVisualStudioVersion = 10.0.40219.1
Project("{FAE04EC0-301F-11D3-BF4B-00C04F79EFBC}") = "Chain of Resposibility", "Chain of Resposibility\Chain of Resposibility.csproj", "{2374626D-E20B-4FC9-8857-25E9ED5C0CC6}"
EndProject
Global
	GlobalSection(SolutionConfigurationPlatforms) = preSolution
		Debug|Any CPU = Debug|Any CPU
		Release|Any CPU = Release|Any CPU
	EndGlobalSection
	GlobalSection(ProjectConfigurationPlatforms) = postSolution
		{2374626D-E20B-4FC9-8857-25E9ED5C0CC6}.Debug|Any CPU.ActiveCfg = Debug|Any CPU
		{2374626D-E20B-4FC9-8857-25E9ED5C0CC6}.Debug|Any CPU.Build.0 = Debug|Any CPU
		{2374626D-E20B-4FC9-8857-25E9ED5C0CC6}.Release|Any CPU.ActiveCfg = Release|Any CPU
		{2374626D-E20B-4FC9-8857-25E9ED5C0CC6}.Release|Any CPU.Build.0 = Release|Any CPU
	EndGlobalSection
	GlobalSection(SolutionProperties) = preSolution
		HideSolutionNode = FALSE
	EndGlobalSection
	GlobalSection(ExtensibilityGlobals) = postSolution
		SolutionGuid = {5020080B-7659-4508-877B-DA900CD73F66}
	EndGlobalSection
EndGlobal
