
Microsoft Visual Studio Solution File, Format Version 12.00
# Visual Studio Version 17
VisualStudioVersion = 17.13.35818.85 d17.13
MinimumVisualStudioVersion = 10.0.40219.1
Project("{FAE04EC0-301F-11D3-BF4B-00C04F79EFBC}") = "Factory Method", "Factory Method\Factory Method.csproj", "{7D518557-7B83-4016-A7E9-DF3B276FBE2E}"
EndProject
Global
	GlobalSection(SolutionConfigurationPlatforms) = preSolution
		Debug|Any CPU = Debug|Any CPU
		Release|Any CPU = Release|Any CPU
	EndGlobalSection
	GlobalSection(ProjectConfigurationPlatforms) = postSolution
		{7D518557-7B83-4016-A7E9-DF3B276FBE2E}.Debug|Any CPU.ActiveCfg = Debug|Any CPU
		{7D518557-7B83-4016-A7E9-DF3B276FBE2E}.Debug|Any CPU.Build.0 = Debug|Any CPU
		{7D518557-7B83-4016-A7E9-DF3B276FBE2E}.Release|Any CPU.ActiveCfg = Release|Any CPU
		{7D518557-7B83-4016-A7E9-DF3B276FBE2E}.Release|Any CPU.Build.0 = Release|Any CPU
	EndGlobalSection
	GlobalSection(SolutionProperties) = preSolution
		HideSolutionNode = FALSE
	EndGlobalSection
	GlobalSection(ExtensibilityGlobals) = postSolution
		SolutionGuid = {35FF73C5-8419-4EA2-ACEE-BE075251CD80}
	EndGlobalSection
EndGlobal
